
Microsoft Visual Studio Solution File, Format Version 12.00
# Visual Studio Version 16
VisualStudioVersion = 16.0.31313.79
MinimumVisualStudioVersion = 10.0.40219.1
Project("{9A19103F-16F7-4668-BE54-9A1E7A4F7556}") = "OServico", "OServico\OServico.csproj", "{F3A440B9-2550-4B0F-897C-A75D5469035B}"
EndProject
Global
	GlobalSection(SolutionConfigurationPlatforms) = preSolution
		Debug|Any CPU = Debug|Any CPU
		Release|Any CPU = Release|Any CPU
	EndGlobalSection
	GlobalSection(ProjectConfigurationPlatforms) = postSolution
		{F3A440B9-2550-4B0F-897C-A75D5469035B}.Debug|Any CPU.ActiveCfg = Debug|Any CPU
		{F3A440B9-2550-4B0F-897C-A75D5469035B}.Debug|Any CPU.Build.0 = Debug|Any CPU
		{F3A440B9-2550-4B0F-897C-A75D5469035B}.Release|Any CPU.ActiveCfg = Release|Any CPU
		{F3A440B9-2550-4B0F-897C-A75D5469035B}.Release|Any CPU.Build.0 = Release|Any CPU
	EndGlobalSection
	GlobalSection(SolutionProperties) = preSolution
		HideSolutionNode = FALSE
	EndGlobalSection
	GlobalSection(ExtensibilityGlobals) = postSolution
		SolutionGuid = {CF93D29E-2FEF-4BBC-A761-9481BE530C6B}
	EndGlobalSection
EndGlobal
